PODS:
  - Alamofire (4.6.0)
  - Alamofire-SwiftyJSON (3.0.0):
    - Alamofire (~> 4.5)
    - SwiftyJSON (~> 4.0.0)
  - ALCameraViewController (3.0.2)
  - AMGCalendarManager (1.7)
  - EAIntroView (2.10.0):
    - EARestrictedScrollView (~> 1.1.0)
  - EARestrictedScrollView (1.1.0)
  - FirebaseAnalytics (3.9.0):
    - FirebaseCore (~> 3.6)
    - FirebaseInstanceID (~> 1.0)
    - "GoogleToolboxForMac/NSData+zlib (~> 2.1)"
  - FirebaseCore (3.6.0):
    - "GoogleToolboxForMac/NSData+zlib (~> 2.1)"
  - FirebaseInstanceID (1.0.10):
    - FirebaseCore (~> 3.6)
  - FSCalendar (2.7.9)
  - Google/Core (3.1.0):
    - FirebaseAnalytics (~> 3.2)
  - Google/SignIn (3.1.0):
    - Google/Core
    - GoogleSignIn (~> 4.0)
  - GoogleAPIClientForREST/Calendar (1.2.1):
    - GoogleAPIClientForREST/Core
    - GTMSessionFetcher (>= 1.1.7)
  - GoogleAPIClientForREST/Core (1.2.1):
    - GTMSessionFetcher (>= 1.1.7)
  - GoogleAPIClientForREST/Gmail (1.2.1):
    - GoogleAPIClientForREST/Core
    - GTMSessionFetcher (>= 1.1.7)
  - GoogleMaps (2.5.0):
    - GoogleMaps/Maps (= 2.5.0)
  - GoogleMaps/Base (2.5.0)
  - GoogleMaps/Maps (2.5.0):
    - GoogleMaps/Base
  - GooglePlaces (2.5.0):
    - GoogleMaps/Base (= 2.5.0)
  - GoogleSignIn (4.1.1):
    - "GoogleToolboxForMac/NSDictionary+URLArguments (~> 2.1)"
    - "GoogleToolboxForMac/NSString+URLArguments (~> 2.1)"
    - GTMOAuth2 (~> 1.0)
    - GTMSessionFetcher/Core (~> 1.1)
  - GoogleToolboxForMac/DebugUtils (2.1.3):
    - GoogleToolboxForMac/Defines (= 2.1.3)
  - GoogleToolboxForMac/Defines (2.1.3)
  - "GoogleToolboxForMac/NSData+zlib (2.1.3)":
    - GoogleToolboxForMac/Defines (= 2.1.3)
  - "GoogleToolboxForMac/NSDictionary+URLArguments (2.1.3)":
    - GoogleToolboxForMac/DebugUtils (= 2.1.3)
    - GoogleToolboxForMac/Defines (= 2.1.3)
    - "GoogleToolboxForMac/NSString+URLArguments (= 2.1.3)"
  - "GoogleToolboxForMac/NSString+URLArguments (2.1.3)"
  - GTMOAuth2 (1.1.6):
    - GTMSessionFetcher (~> 1.1)
  - GTMSessionFetcher (1.1.12):
    - GTMSessionFetcher/Full (= 1.1.12)
  - GTMSessionFetcher/Core (1.1.12)
  - GTMSessionFetcher/Full (1.1.12):
    - GTMSessionFetcher/Core (= 1.1.12)
  - IQKeyboardManagerSwift (5.0.7)
  - JSQMessagesViewController (7.3.5):
    - JSQSystemSoundPlayer (~> 2.0.1)
  - JSQSystemSoundPlayer (2.0.1)
  - LUExpandableTableView (3.0.0)
  - McPicker (0.5.2)
  - Parchment (0.9.0)
  - PDFReader (2.5.1)
  - RichEditorView (4.0.0)
  - SKActivityIndicatorView (0.1.0)
  - SwiftMultiSelect (0.2.3)
  - SwiftyJSON (4.0.0)
  - SwipeMenuViewController (2.0.7)

DEPENDENCIES:
  - Alamofire-SwiftyJSON
  - ALCameraViewController
  - AMGCalendarManager
  - EAIntroView (~> 2.10.0)
  - FSCalendar
  - Google/SignIn
  - GoogleAPIClientForREST/Calendar
  - GoogleAPIClientForREST/Gmail (~> 1.2.1)
  - GoogleMaps
  - GooglePlaces
  - GoogleSignIn (~> 4.1.1)
  - IQKeyboardManagerSwift
  - JSQMessagesViewController
  - LUExpandableTableView
  - McPicker
  - Parchment
  - PDFReader
  - RichEditorView
  - SKActivityIndicatorView
  - SwiftMultiSelect
  - SwipeMenuViewController

SPEC REPOS:
  https://github.com/cocoapods/specs.git:
    - Alamofire
    - Alamofire-SwiftyJSON
    - ALCameraViewController
    - AMGCalendarManager
    - EAIntroView
    - EARestrictedScrollView
    - FirebaseAnalytics
    - FirebaseCore
    - FirebaseInstanceID
    - FSCalendar
    - Google
    - GoogleAPIClientForREST
    - GoogleMaps
    - GooglePlaces
    - GoogleSignIn
    - GoogleToolboxForMac
    - GTMOAuth2
    - GTMSessionFetcher
    - IQKeyboardManagerSwift
    - JSQMessagesViewController
    - JSQSystemSoundPlayer
    - LUExpandableTableView
    - McPicker
    - Parchment
    - PDFReader
    - RichEditorView
    - SKActivityIndicatorView
    - SwiftMultiSelect
    - SwiftyJSON
    - SwipeMenuViewController

SPEC CHECKSUMS:
  Alamofire: f41a599bd63041760b26d393ec1069d9d7b917f4
  Alamofire-SwiftyJSON: 2b3649d57dc7bb2880fb8b86f8bb969397666916
  ALCameraViewController: 1edce3497633f0df138523645ed1228961ee2eab
  AMGCalendarManager: 83d046b35db736011a0259abcab8b3ff32679e1b
  EAIntroView: 3494b7bbd1212e3a4f7e8d16194a1b00e7b9abb2
  EARestrictedScrollView: b0c2a3f92fb2610bb44d71c5e4893777c89e45ef
  FirebaseAnalytics: e5fe8486efc01bec33f6bf82e2fa9fce4b124052
  FirebaseCore: 9691ee2ade70c098d7cf92440f4303f16d83ca75
  FirebaseInstanceID: b9eedd6846fb5e1f0f7279e1deaa7a7e4cf8392e
  FSCalendar: a04b09f16f811bc92e82f3cf852a15225233b9d5
  Google: 98da4b1a60ed0beb80a290387a28333406a1eb90
  GoogleAPIClientForREST: a8b95a252014ce2e618df6b75dc72eca2c00b4af
  GoogleMaps: c087b8e5dfe87ca6ebf59adb9b4894a4146bec4f
  GooglePlaces: dd70d9d71ea1c7944846afe67de3712c99b30a77
  GoogleSignIn: 3fdaa34a2ba04dbd7a25d7db39aecb0da98d5bdc
  GoogleToolboxForMac: 2501e2ad72a52eb3dfe7bd9aee7dad11b858bd20
  GTMOAuth2: c77fe325e4acd453837e72d91e3b5f13116857b2
  GTMSessionFetcher: ebaa1f79a5366922c1735f1566901f50beba23b7
  IQKeyboardManagerSwift: 30fb3a61de1af53a95e02b80fb54ed0a19d5ede5
  JSQMessagesViewController: 6587f56aedbcb150a8ba1d968e1ef58b1bc758b7
  JSQSystemSoundPlayer: c5850e77a4363ffd374cd851154b9af93264ed8d
  LUExpandableTableView: 3282bf2de40af3fadd97095f9a4738185a261d6f
  McPicker: 3c21f279480d04ba7f8a4ae8445f59c7e0931a99
  Parchment: 63b6ec9f14fb54529fd2b9bf3e7537706364e163
  PDFReader: 2c4a845d0560f33221cf911516e3b700967680f6
  RichEditorView: e5990b1a092539559def9df135e064b29ab97e68
  SKActivityIndicatorView: f46936f760d33eb8235333242269bf01cc9248ae
  SwiftMultiSelect: daf2ee4279330458f6c1fdd5f713f6c80fb913da
  SwiftyJSON: 070dabdcb1beb81b247c65ffa3a79dbbfb3b48aa
  SwipeMenuViewController: fe912fbd0ae2cc1607b99084ca718cc7e60e50f9

PODFILE CHECKSUM: 92a251b98a75c1d8a393ca2b912bb56736722e98

COCOAPODS: 1.5.3
